// !$*UTF8*$!
{
	archiveVersion = 1;
	classes = {
	};
	objectVersion = 56;
	objects = {

/* Begin PBXBuildFile section */
		5545D47A2997C09D008C7583 /* AppDelegate.swift in Sources */ = {isa = PBXBuildFile; fileRef = 5545D4792997C09D008C7583 /* AppDelegate.swift */; };
		5545D47C2997C09D008C7583 /* SceneDelegate.swift in Sources */ = {isa = PBXBuildFile; fileRef = 5545D47B2997C09D008C7583 /* SceneDelegate.swift */; };
		5545D47E2997C09D008C7583 /* CourseListViewController.swift in Sources */ = {isa = PBXBuildFile; fileRef = 5545D47D2997C09D008C7583 /* CourseListViewController.swift */; };
		5545D4812997C09D008C7583 /* Main.storyboard in Resources */ = {isa = PBXBuildFile; fileRef = 5545D47F2997C09D008C7583 /* Main.storyboard */; };
		5545D4832997C09E008C7583 /* Assets.xcassets in Resources */ = {isa = PBXBuildFile; fileRef = 5545D4822997C09E008C7583 /* Assets.xcassets */; };
		5545D4862997C09E008C7583 /* LaunchScreen.storyboard in Resources */ = {isa = PBXBuildFile; fileRef = 5545D4842997C09E008C7583 /* LaunchScreen.storyboard */; };
		5545D4982997C3F4008C7583 /* CourseListViewModel.swift in Sources */ = {isa = PBXBuildFile; fileRef = 5545D4972997C3F4008C7583 /* CourseListViewModel.swift */; };
		5545D49C2997C449008C7583 /* CourseCell.swift in Sources */ = {isa = PBXBuildFile; fileRef = 5545D49B2997C449008C7583 /* CourseCell.swift */; };
		5545D49E2997C469008C7583 /* CourseCellViewModel.swift in Sources */ = {isa = PBXBuildFile; fileRef = 5545D49D2997C469008C7583 /* CourseCellViewModel.swift */; };
		5545D4A12997C4B8008C7583 /* CourseDetailsViewController.swift in Sources */ = {isa = PBXBuildFile; fileRef = 5545D4A02997C4B8008C7583 /* CourseDetailsViewController.swift */; };
		5545D4A32997C4D4008C7583 /* CourseDetailsViewModel.swift in Sources */ = {isa = PBXBuildFile; fileRef = 5545D4A22997C4D4008C7583 /* CourseDetailsViewModel.swift */; };
		5545D4A62997C516008C7583 /* Course.swift in Sources */ = {isa = PBXBuildFile; fileRef = 5545D4A52997C516008C7583 /* Course.swift */; };
		5545D4AA2997C566008C7583 /* NetworkManager.swift in Sources */ = {isa = PBXBuildFile; fileRef = 5545D4A92997C566008C7583 /* NetworkManager.swift */; };
		5545D4AC2997C572008C7583 /* ImageManager.swift in Sources */ = {isa = PBXBuildFile; fileRef = 5545D4AB2997C572008C7583 /* ImageManager.swift */; };
		5545D4AE2997C57A008C7583 /* DataManager.swift in Sources */ = {isa = PBXBuildFile; fileRef = 5545D4AD2997C57A008C7583 /* DataManager.swift */; };
/* End PBXBuildFile section */

/* Begin PBXFileReference section */
		5545D4762997C09D008C7583 /* VIPERtestApp.app */ = {isa = PBXFileReference; explicitFileType = wrapper.application; includeInIndex = 0; path = VIPERtestApp.app; sourceTree = BUILT_PRODUCTS_DIR; };
		5545D4792997C09D008C7583 /* AppDelegate.swift */ = {isa = PBXFileReference; lastKnownFileType = sourcecode.swift; path = AppDelegate.swift; sourceTree = "<group>"; };
		5545D47B2997C09D008C7583 /* SceneDelegate.swift */ = {isa = PBXFileReference; lastKnownFileType = sourcecode.swift; path = SceneDelegate.swift; sourceTree = "<group>"; };
		5545D47D2997C09D008C7583 /* CourseListViewController.swift */ = {isa = PBXFileReference; lastKnownFileType = sourcecode.swift; path = CourseListViewController.swift; sourceTree = "<group>"; };
		5545D4802997C09D008C7583 /* Base */ = {isa = PBXFileReference; lastKnownFileType = file.storyboard; name = Base; path = Base.lproj/Main.storyboard; sourceTree = "<group>"; };
		5545D4822997C09E008C7583 /* Assets.xcassets */ = {isa = PBXFileReference; lastKnownFileType = folder.assetcatalog; path = Assets.xcassets; sourceTree = "<group>"; };
		5545D4852997C09E008C7583 /* Base */ = {isa = PBXFileReference; lastKnownFileType = file.storyboard; name = Base; path = Base.lproj/LaunchScreen.storyboard; sourceTree = "<group>"; };
		5545D4872997C09E008C7583 /* Info.plist */ = {isa = PBXFileReference; lastKnownFileType = text.plist.xml; path = Info.plist; sourceTree = "<group>"; };
		5545D4972997C3F4008C7583 /* CourseListViewModel.swift */ = {isa = PBXFileReference; lastKnownFileType = sourcecode.swift; path = CourseListViewModel.swift; sourceTree = "<group>"; };
		5545D49B2997C449008C7583 /* CourseCell.swift */ = {isa = PBXFileReference; lastKnownFileType = sourcecode.swift; path = CourseCell.swift; sourceTree = "<group>"; };
		5545D49D2997C469008C7583 /* CourseCellViewModel.swift */ = {isa = PBXFileReference; lastKnownFileType = sourcecode.swift; path = CourseCellViewModel.swift; sourceTree = "<group>"; };
		5545D4A02997C4B8008C7583 /* CourseDetailsViewController.swift */ = {isa = PBXFileReference; lastKnownFileType = sourcecode.swift; path = CourseDetailsViewController.swift; sourceTree = "<group>"; };
		5545D4A22997C4D4008C7583 /* CourseDetailsViewModel.swift */ = {isa = PBXFileReference; lastKnownFileType = sourcecode.swift; path = CourseDetailsViewModel.swift; sourceTree = "<group>"; };
		5545D4A52997C516008C7583 /* Course.swift */ = {isa = PBXFileReference; lastKnownFileType = sourcecode.swift; path = Course.swift; sourceTree = "<group>"; };
		5545D4A92997C566008C7583 /* NetworkManager.swift */ = {isa = PBXFileReference; lastKnownFileType = sourcecode.swift; path = NetworkManager.swift; sourceTree = "<group>"; };
		5545D4AB2997C572008C7583 /* ImageManager.swift */ = {isa = PBXFileReference; lastKnownFileType = sourcecode.swift; path = ImageManager.swift; sourceTree = "<group>"; };
		5545D4AD2997C57A008C7583 /* DataManager.swift */ = {isa = PBXFileReference; lastKnownFileType = sourcecode.swift; path = DataManager.swift; sourceTree = "<group>"; };
/* End PBXFileReference section */

/* Begin PBXFrameworksBuildPhase section */
		5545D4732997C09D008C7583 /* Frameworks */ = {
			isa = PBXFrameworksBuildPhase;
			buildActionMask = 2147483647;
			files = (
			);
			runOnlyForDeploymentPostprocessing = 0;
		};
/* End PBXFrameworksBuildPhase section */

/* Begin PBXGroup section */
		5545D46D2997C09C008C7583 = {
			isa = PBXGroup;
			children = (
				5545D4782997C09D008C7583 /* VIPERtestApp */,
				5545D4772997C09D008C7583 /* Products */,
			);
			sourceTree = "<group>";
		};
		5545D4772997C09D008C7583 /* Products */ = {
			isa = PBXGroup;
			children = (
				5545D4762997C09D008C7583 /* VIPERtestApp.app */,
			);
			name = Products;
			sourceTree = "<group>";
		};
		5545D4782997C09D008C7583 /* VIPERtestApp */ = {
			isa = PBXGroup;
			children = (
				5545D4992997C41A008C7583 /* CourseList */,
				5545D49F2997C491008C7583 /* CourseDetails */,
				5545D4A72997C532008C7583 /* Models */,
				5545D4A82997C54D008C7583 /* Services */,
				5545D4A42997C4F3008C7583 /* Storyboards */,
				5545D4AF2997C5BA008C7583 /* Resourses */,
				5545D4B02997C5D5008C7583 /* SupportingFiles */,
			);
			path = VIPERtestApp;
			sourceTree = "<group>";
		};
		5545D4992997C41A008C7583 /* CourseList */ = {
			isa = PBXGroup;
			children = (
				5545D47D2997C09D008C7583 /* CourseListViewController.swift */,
				5545D4972997C3F4008C7583 /* CourseListViewModel.swift */,
				5545D49A2997C429008C7583 /* CourseCell */,
			);
			path = CourseList;
			sourceTree = "<group>";
		};
		5545D49A2997C429008C7583 /* CourseCell */ = {
			isa = PBXGroup;
			children = (
				5545D49B2997C449008C7583 /* CourseCell.swift */,
				5545D49D2997C469008C7583 /* CourseCellViewModel.swift */,
			);
			path = CourseCell;
			sourceTree = "<group>";
		};
		5545D49F2997C491008C7583 /* CourseDetails */ = {
			isa = PBXGroup;
			children = (
				5545D4A02997C4B8008C7583 /* CourseDetailsViewController.swift */,
				5545D4A22997C4D4008C7583 /* CourseDetailsViewModel.swift */,
			);
			path = CourseDetails;
			sourceTree = "<group>";
		};
		5545D4A42997C4F3008C7583 /* Storyboards */ = {
			isa = PBXGroup;
			children = (
				5545D47F2997C09D008C7583 /* Main.storyboard */,
				5545D4842997C09E008C7583 /* LaunchScreen.storyboard */,
			);
			path = Storyboards;
			sourceTree = "<group>";
		};
		5545D4A72997C532008C7583 /* Models */ = {
			isa = PBXGroup;
			children = (
				5545D4A52997C516008C7583 /* Course.swift */,
			);
			path = Models;
			sourceTree = "<group>";
		};
		5545D4A82997C54D008C7583 /* Services */ = {
			isa = PBXGroup;
			children = (
				5545D4A92997C566008C7583 /* NetworkManager.swift */,
				5545D4AB2997C572008C7583 /* ImageManager.swift */,
				5545D4AD2997C57A008C7583 /* DataManager.swift */,
			);
			path = Services;
			sourceTree = "<group>";
		};
		5545D4AF2997C5BA008C7583 /* Resourses */ = {
			isa = PBXGroup;
			children = (
				5545D4822997C09E008C7583 /* Assets.xcassets */,
			);
			path = Resourses;
			sourceTree = "<group>";
		};
		5545D4B02997C5D5008C7583 /* SupportingFiles */ = {
			isa = PBXGroup;
			children = (
				5545D4872997C09E008C7583 /* Info.plist */,
				5545D4792997C09D008C7583 /* AppDelegate.swift */,
				5545D47B2997C09D008C7583 /* SceneDelegate.swift */,
			);
			path = SupportingFiles;
			sourceTree = "<group>";
		};
/* End PBXGroup section */

/* Begin PBXNativeTarget section */
		5545D4752997C09D008C7583 /* VIPERtestApp */ = {
			isa = PBXNativeTarget;
			buildConfigurationList = 5545D48A2997C09E008C7583 /* Build configuration list for PBXNativeTarget "VIPERtestApp" */;
			buildPhases = (
				5545D4722997C09D008C7583 /* Sources */,
				5545D4732997C09D008C7583 /* Frameworks */,
				5545D4742997C09D008C7583 /* Resources */,
			);
			buildRules = (
			);
			dependencies = (
			);
			name = VIPERtestApp;
			productName = VIPERtestApp;
			productReference = 5545D4762997C09D008C7583 /* VIPERtestApp.app */;
			productType = "com.apple.product-type.application";
		};
/* End PBXNativeTarget section */

/* Begin PBXProject section */
		5545D46E2997C09C008C7583 /* Project object */ = {
			isa = PBXProject;
			attributes = {
				BuildIndependentTargetsInParallel = 1;
				LastSwiftUpdateCheck = 1420;
				LastUpgradeCheck = 1420;
				TargetAttributes = {
					5545D4752997C09D008C7583 = {
						CreatedOnToolsVersion = 14.2;
					};
				};
			};
			buildConfigurationList = 5545D4712997C09C008C7583 /* Build configuration list for PBXProject "VIPERtestApp" */;
			compatibilityVersion = "Xcode 14.0";
			developmentRegion = en;
			hasScannedForEncodings = 0;
			knownRegions = (
				en,
				Base,
			);
			mainGroup = 5545D46D2997C09C008C7583;
			productRefGroup = 5545D4772997C09D008C7583 /* Products */;
			projectDirPath = "";
			projectRoot = "";
			targets = (
				5545D4752997C09D008C7583 /* VIPERtestApp */,
			);
		};
/* End PBXProject section */

/* Begin PBXResourcesBuildPhase section */
		5545D4742997C09D008C7583 /* Resources */ = {
			isa = PBXResourcesBuildPhase;
			buildActionMask = 2147483647;
			files = (
				5545D4862997C09E008C7583 /* LaunchScreen.storyboard in Resources */,
				5545D4832997C09E008C7583 /* Assets.xcassets in Resources */,
				5545D4812997C09D008C7583 /* Main.storyboard in Resources */,
			);
			runOnlyForDeploymentPostprocessing = 0;
		};
/* End PBXResourcesBuildPhase section */

/* Begin PBXSourcesBuildPhase section */
		5545D4722997C09D008C7583 /* Sources */ = {
			isa = PBXSourcesBuildPhase;
			buildActionMask = 2147483647;
			files = (
				5545D4A62997C516008C7583 /* Course.swift in Sources */,
				5545D4AE2997C57A008C7583 /* DataManager.swift in Sources */,
				5545D47E2997C09D008C7583 /* CourseListViewController.swift in Sources */,
				5545D4AA2997C566008C7583 /* NetworkManager.swift in Sources */,
				5545D4982997C3F4008C7583 /* CourseListViewModel.swift in Sources */,
				5545D4A32997C4D4008C7583 /* CourseDetailsViewModel.swift in Sources */,
				5545D47A2997C09D008C7583 /* AppDelegate.swift in Sources */,
				5545D49E2997C469008C7583 /* CourseCellViewModel.swift in Sources */,
				5545D4A12997C4B8008C7583 /* CourseDetailsViewController.swift in Sources */,
				5545D47C2997C09D008C7583 /* SceneDelegate.swift in Sources */,
				5545D4AC2997C572008C7583 /* ImageManager.swift in Sources */,
				5545D49C2997C449008C7583 /* CourseCell.swift in Sources */,
			);
			runOnlyForDeploymentPostprocessing = 0;
		};
/* End PBXSourcesBuildPhase section */

/* Begin PBXVariantGroup section */
		5545D47F2997C09D008C7583 /* Main.storyboard */ = {
			isa = PBXVariantGroup;
			children = (
				5545D4802997C09D008C7583 /* Base */,
			);
			name = Main.storyboard;
			sourceTree = "<group>";
		};
		5545D4842997C09E008C7583 /* LaunchScreen.storyboard */ = {
			isa = PBXVariantGroup;
			children = (
				5545D4852997C09E008C7583 /* Base */,
			);
			name = LaunchScreen.storyboard;
			sourceTree = "<group>";
		};
/* End PBXVariantGroup section */

/* Begin XCBuildConfiguration section */
		5545D4882997C09E008C7583 /* Debug */ = {
			isa = XCBuildConfiguration;
			buildSettings = {
				ALWAYS_SEARCH_USER_PATHS = NO;
				CLANG_ANALYZER_NONNULL = YES;
				CLANG_ANALYZER_NUMBER_OBJECT_CONVERSION = YES_AGGRESSIVE;
				CLANG_CXX_LANGUAGE_STANDARD = "gnu++20";
				CLANG_ENABLE_MODULES = YES;
				CLANG_ENABLE_OBJC_ARC = YES;
				CLANG_ENABLE_OBJC_WEAK = YES;
				CLANG_WARN_BLOCK_CAPTURE_AUTORELEASING = YES;
				CLANG_WARN_BOOL_CONVERSION = YES;
				CLANG_WARN_COMMA = YES;
				CLANG_WARN_CONSTANT_CONVERSION = YES;
				CLANG_WARN_DEPRECATED_OBJC_IMPLEMENTATIONS = YES;
				CLANG_WARN_DIRECT_OBJC_ISA_USAGE = YES_ERROR;
				CLANG_WARN_DOCUMENTATION_COMMENTS = YES;
				CLANG_WARN_EMPTY_BODY = YES;
				CLANG_WARN_ENUM_CONVERSION = YES;
				CLANG_WARN_INFINITE_RECURSION = YES;
				CLANG_WARN_INT_CONVERSION = YES;
				CLANG_WARN_NON_LITERAL_NULL_CONVERSION = YES;
				CLANG_WARN_OBJC_IMPLICIT_RETAIN_SELF = YES;
				CLANG_WARN_OBJC_LITERAL_CONVERSION = YES;
				CLANG_WARN_OBJC_ROOT_CLASS = YES_ERROR;
				CLANG_WARN_QUOTED_INCLUDE_IN_FRAMEWORK_HEADER = YES;
				CLANG_WARN_RANGE_LOOP_ANALYSIS = YES;
				CLANG_WARN_STRICT_PROTOTYPES = YES;
				CLANG_WARN_SUSPICIOUS_MOVE = YES;
				CLANG_WARN_UNGUARDED_AVAILABILITY = YES_AGGRESSIVE;
				CLANG_WARN_UNREACHABLE_CODE = YES;
				CLANG_WARN__DUPLICATE_METHOD_MATCH = YES;
				COPY_PHASE_STRIP = NO;
				DEBUG_INFORMATION_FORMAT = dwarf;
				ENABLE_STRICT_OBJC_MSGSEND = YES;
				ENABLE_TESTABILITY = YES;
				GCC_C_LANGUAGE_STANDARD = gnu11;
				GCC_DYNAMIC_NO_PIC = NO;
				GCC_NO_COMMON_BLOCKS = YES;
				GCC_OPTIMIZATION_LEVEL = 0;
				GCC_PREPROCESSOR_DEFINITIONS = (
					"DEBUG=1",
					"$(inherited)",
				);
				GCC_WARN_64_TO_32_BIT_CONVERSION = YES;
				GCC_WARN_ABOUT_RETURN_TYPE = YES_ERROR;
				GCC_WARN_UNDECLARED_SELECTOR = YES;
				GCC_WARN_UNINITIALIZED_AUTOS = YES_AGGRESSIVE;
				GCC_WARN_UNUSED_FUNCTION = YES;
				GCC_WARN_UNUSED_VARIABLE = YES;
				IPHONEOS_DEPLOYMENT_TARGET = 16.2;
				MTL_ENABLE_DEBUG_INFO = INCLUDE_SOURCE;
				MTL_FAST_MATH = YES;
				ONLY_ACTIVE_ARCH = YES;
				SDKROOT = iphoneos;
				SWIFT_ACTIVE_COMPILATION_CONDITIONS = DEBUG;
				SWIFT_OPTIMIZATION_LEVEL = "-Onone";
			};
			name = Debug;
		};
		5545D4892997C09E008C7583 /* Release */ = {
			isa = XCBuildConfiguration;
			buildSettings = {
				ALWAYS_SEARCH_USER_PATHS = NO;
				CLANG_ANALYZER_NONNULL = YES;
				CLANG_ANALYZER_NUMBER_OBJECT_CONVERSION = YES_AGGRESSIVE;
				CLANG_CXX_LANGUAGE_STANDARD = "gnu++20";
				CLANG_ENABLE_MODULES = YES;
				CLANG_ENABLE_OBJC_ARC = YES;
				CLANG_ENABLE_OBJC_WEAK = YES;
				CLANG_WARN_BLOCK_CAPTURE_AUTORELEASING = YES;
				CLANG_WARN_BOOL_CONVERSION = YES;
				CLANG_WARN_COMMA = YES;
				CLANG_WARN_CONSTANT_CONVERSION = YES;
				CLANG_WARN_DEPRECATED_OBJC_IMPLEMENTATIONS = YES;
				CLANG_WARN_DIRECT_OBJC_ISA_USAGE = YES_ERROR;
				CLANG_WARN_DOCUMENTATION_COMMENTS = YES;
				CLANG_WARN_EMPTY_BODY = YES;
				CLANG_WARN_ENUM_CONVERSION = YES;
				CLANG_WARN_INFINITE_RECURSION = YES;
				CLANG_WARN_INT_CONVERSION = YES;
				CLANG_WARN_NON_LITERAL_NULL_CONVERSION = YES;
				CLANG_WARN_OBJC_IMPLICIT_RETAIN_SELF = YES;
				CLANG_WARN_OBJC_LITERAL_CONVERSION = YES;
				CLANG_WARN_OBJC_ROOT_CLASS = YES_ERROR;
				CLANG_WARN_QUOTED_INCLUDE_IN_FRAMEWORK_HEADER = YES;
				CLANG_WARN_RANGE_LOOP_ANALYSIS = YES;
				CLANG_WARN_STRICT_PROTOTYPES = YES;
				CLANG_WARN_SUSPICIOUS_MOVE = YES;
				CLANG_WARN_UNGUARDED_AVAILABILITY = YES_AGGRESSIVE;
				CLANG_WARN_UNREACHABLE_CODE = YES;
				CLANG_WARN__DUPLICATE_METHOD_MATCH = YES;
				COPY_PHASE_STRIP = NO;
				DEBUG_INFORMATION_FORMAT = "dwarf-with-dsym";
				ENABLE_NS_ASSERTIONS = NO;
				ENABLE_STRICT_OBJC_MSGSEND = YES;
				GCC_C_LANGUAGE_STANDARD = gnu11;
				GCC_NO_COMMON_BLOCKS = YES;
				GCC_WARN_64_TO_32_BIT_CONVERSION = YES;
				GCC_WARN_ABOUT_RETURN_TYPE = YES_ERROR;
				GCC_WARN_UNDECLARED_SELECTOR = YES;
				GCC_WARN_UNINITIALIZED_AUTOS = YES_AGGRESSIVE;
				GCC_WARN_UNUSED_FUNCTION = YES;
				GCC_WARN_UNUSED_VARIABLE = YES;
				IPHONEOS_DEPLOYMENT_TARGET = 16.2;
				MTL_ENABLE_DEBUG_INFO = NO;
				MTL_FAST_MATH = YES;
				SDKROOT = iphoneos;
				SWIFT_COMPILATION_MODE = wholemodule;
				SWIFT_OPTIMIZATION_LEVEL = "-O";
				VALIDATE_PRODUCT = YES;
			};
			name = Release;
		};
		5545D48B2997C09E008C7583 /* Debug */ = {
			isa = XCBuildConfiguration;
			buildSettings = {
				ASSETCATALOG_COMPILER_APPICON_NAME = AppIcon;
				ASSETCATALOG_COMPILER_GLOBAL_ACCENT_COLOR_NAME = AccentColor;
				CODE_SIGN_STYLE = Automatic;
				CURRENT_PROJECT_VERSION = 1;
				DEVELOPMENT_TEAM = 4KRJ9XKH55;
				GENERATE_INFOPLIST_FILE = YES;
				INFOPLIST_FILE = VIPERtestApp/SupportingFiles/Info.plist;
				INFOPLIST_KEY_UIApplicationSupportsIndirectInputEvents = YES;
				INFOPLIST_KEY_UILaunchStoryboardName = LaunchScreen;
				INFOPLIST_KEY_UIMainStoryboardFile = Main;
				INFOPLIST_KEY_UISupportedInterfaceOrientations = UIInterfaceOrientationPortrait;
				INFOPLIST_KEY_UISupportedInterfaceOrientations_iPad = "UIInterfaceOrientationLandscapeLeft UIInterfaceOrientationLandscapeRight UIInterfaceOrientationPortrait UIInterfaceOrientationPortraitUpsideDown";
				LD_RUNPATH_SEARCH_PATHS = (
					"$(inherited)",
					"@executable_path/Frameworks",
				);
				MARKETING_VERSION = 1.0;
				PRODUCT_BUNDLE_IDENTIFIER = ru.AndreyAbakumov.VIPERtestApp;
				PRODUCT_NAME = "$(TARGET_NAME)";
				SUPPORTED_PLATFORMS = "iphoneos iphonesimulator";
				SUPPORTS_MACCATALYST = NO;
				SUPPORTS_MAC_DESIGNED_FOR_IPHONE_IPAD = NO;
				SWIFT_EMIT_LOC_STRINGS = YES;
				SWIFT_VERSION = 5.0;
				TARGETED_DEVICE_FAMILY = 1;
			};
			name = Debug;
		};
		5545D48C2997C09E008C7583 /* Release */ = {
			isa = XCBuildConfiguration;
			buildSettings = {
				ASSETCATALOG_COMPILER_APPICON_NAME = AppIcon;
				ASSETCATALOG_COMPILER_GLOBAL_ACCENT_COLOR_NAME = AccentColor;
				CODE_SIGN_STYLE = Automatic;
				CURRENT_PROJECT_VERSION = 1;
				DEVELOPMENT_TEAM = 4KRJ9XKH55;
				GENERATE_INFOPLIST_FILE = YES;
				INFOPLIST_FILE = VIPERtestApp/SupportingFiles/Info.plist;
				INFOPLIST_KEY_UIApplicationSupportsIndirectInputEvents = YES;
				INFOPLIST_KEY_UILaunchStoryboardName = LaunchScreen;
				INFOPLIST_KEY_UIMainStoryboardFile = Main;
				INFOPLIST_KEY_UISupportedInterfaceOrientations = UIInterfaceOrientationPortrait;
				INFOPLIST_KEY_UISupportedInterfaceOrientations_iPad = "UIInterfaceOrientationLandscapeLeft UIInterfaceOrientationLandscapeRight UIInterfaceOrientationPortrait UIInterfaceOrientationPortraitUpsideDown";
				LD_RUNPATH_SEARCH_PATHS = (
					"$(inherited)",
					"@executable_path/Frameworks",
				);
				MARKETING_VERSION = 1.0;
				PRODUCT_BUNDLE_IDENTIFIER = ru.AndreyAbakumov.VIPERtestApp;
				PRODUCT_NAME = "$(TARGET_NAME)";
				SUPPORTED_PLATFORMS = "iphoneos iphonesimulator";
				SUPPORTS_MACCATALYST = NO;
				SUPPORTS_MAC_DESIGNED_FOR_IPHONE_IPAD = NO;
				SWIFT_EMIT_LOC_STRINGS = YES;
				SWIFT_VERSION = 5.0;
				TARGETED_DEVICE_FAMILY = 1;
			};
			name = Release;
		};
/* End XCBuildConfiguration section */

/* Begin XCConfigurationList section */
		5545D4712997C09C008C7583 /* Build configuration list for PBXProject "VIPERtestApp" */ = {
			isa = XCConfigurationList;
			buildConfigurations = (
				5545D4882997C09E008C7583 /* Debug */,
				5545D4892997C09E008C7583 /* Release */,
			);
			defaultConfigurationIsVisible = 0;
			defaultConfigurationName = Release;
		};
		5545D48A2997C09E008C7583 /* Build configuration list for PBXNativeTarget "VIPERtestApp" */ = {
			isa = XCConfigurationList;
			buildConfigurations = (
				5545D48B2997C09E008C7583 /* Debug */,
				5545D48C2997C09E008C7583 /* Release */,
			);
			defaultConfigurationIsVisible = 0;
			defaultConfigurationName = Release;
		};
/* End XCConfigurationList section */
	};
	rootObject = 5545D46E2997C09C008C7583 /* Project object */;
}
